
Microsoft Visual Studio Solution File, Format Version 12.00
# Visual Studio Version 17
VisualStudioVersion = 17.0.31903.59
MinimumVisualStudioVersion = 10.0.40219.1
Project("{FAE04EC0-301F-11D3-BF4B-00C04F79EFBC}") = "Task1.1", "Task1.1\Task1.1.csproj", "{A3ED8CF4-FF01-47BC-8ECF-15D4132D0E3C}"
EndProject
Project("{FAE04EC0-301F-11D3-BF4B-00C04F79EFBC}") = "Task 1.2", "Task 1.2\Task 1.2.csproj", "{EB2EFAF9-E451-4F65-81EE-4B24AD7D41B5}"
EndProject
Project("{FAE04EC0-301F-11D3-BF4B-00C04F79EFBC}") = "Task 1.3", "Task 1.3\Task 1.3.csproj", "{5AEB9753-CCAB-4F81-91CC-8D8D9F23C791}"
EndProject
Project("{FAE04EC0-301F-11D3-BF4B-00C04F79EFBC}") = "Task 1.4", "Task 1.4\Task 1.4.csproj", "{9742EF52-7473-42C6-969E-8B088A7EA8BE}"
EndProject
Project("{FAE04EC0-301F-11D3-BF4B-00C04F79EFBC}") = "Task2", "Task2\Task2.csproj", "{9FDEF562-6E91-4071-98C7-017081B47AA0}"
EndProject
Global
	GlobalSection(SolutionConfigurationPlatforms) = preSolution
		Debug|Any CPU = Debug|Any CPU
		Release|Any CPU = Release|Any CPU
	EndGlobalSection
	GlobalSection(ProjectConfigurationPlatforms) = postSolution
		{A3ED8CF4-FF01-47BC-8ECF-15D4132D0E3C}.Debug|Any CPU.ActiveCfg = Debug|Any CPU
		{A3ED8CF4-FF01-47BC-8ECF-15D4132D0E3C}.Debug|Any CPU.Build.0 = Debug|Any CPU
		{A3ED8CF4-FF01-47BC-8ECF-15D4132D0E3C}.Release|Any CPU.ActiveCfg = Release|Any CPU
		{A3ED8CF4-FF01-47BC-8ECF-15D4132D0E3C}.Release|Any CPU.Build.0 = Release|Any CPU
		{EB2EFAF9-E451-4F65-81EE-4B24AD7D41B5}.Debug|Any CPU.ActiveCfg = Debug|Any CPU
		{EB2EFAF9-E451-4F65-81EE-4B24AD7D41B5}.Debug|Any CPU.Build.0 = Debug|Any CPU
		{EB2EFAF9-E451-4F65-81EE-4B24AD7D41B5}.Release|Any CPU.ActiveCfg = Release|Any CPU
		{EB2EFAF9-E451-4F65-81EE-4B24AD7D41B5}.Release|Any CPU.Build.0 = Release|Any CPU
		{5AEB9753-CCAB-4F81-91CC-8D8D9F23C791}.Debug|Any CPU.ActiveCfg = Debug|Any CPU
		{5AEB9753-CCAB-4F81-91CC-8D8D9F23C791}.Debug|Any CPU.Build.0 = Debug|Any CPU
		{5AEB9753-CCAB-4F81-91CC-8D8D9F23C791}.Release|Any CPU.ActiveCfg = Release|Any CPU
		{5AEB9753-CCAB-4F81-91CC-8D8D9F23C791}.Release|Any CPU.Build.0 = Release|Any CPU
		{9742EF52-7473-42C6-969E-8B088A7EA8BE}.Debug|Any CPU.ActiveCfg = Debug|Any CPU
		{9742EF52-7473-42C6-969E-8B088A7EA8BE}.Debug|Any CPU.Build.0 = Debug|Any CPU
		{9742EF52-7473-42C6-969E-8B088A7EA8BE}.Release|Any CPU.ActiveCfg = Release|Any CPU
		{9742EF52-7473-42C6-969E-8B088A7EA8BE}.Release|Any CPU.Build.0 = Release|Any CPU
		{9FDEF562-6E91-4071-98C7-017081B47AA0}.Debug|Any CPU.ActiveCfg = Debug|Any CPU
		{9FDEF562-6E91-4071-98C7-017081B47AA0}.Debug|Any CPU.Build.0 = Debug|Any CPU
		{9FDEF562-6E91-4071-98C7-017081B47AA0}.Release|Any CPU.ActiveCfg = Release|Any CPU
		{9FDEF562-6E91-4071-98C7-017081B47AA0}.Release|Any CPU.Build.0 = Release|Any CPU
	EndGlobalSection
	GlobalSection(SolutionProperties) = preSolution
		HideSolutionNode = FALSE
	EndGlobalSection
EndGlobal
